// !$*UTF8*$!
{
	archiveVersion = 1;
	classes = {
	};
	objectVersion = 55;
	objects = {

/* Begin PBXBuildFile section */
		B402DD86286440DB000EEF40 /* AppDelegate.swift in Sources */ = {isa = PBXBuildFile; fileRef = B402DD85286440DB000EEF40 /* AppDelegate.swift */; };
		B402DD88286440DB000EEF40 /* SceneDelegate.swift in Sources */ = {isa = PBXBuildFile; fileRef = B402DD87286440DB000EEF40 /* SceneDelegate.swift */; };
		B402DD8A286440DB000EEF40 /* LoginViewController.swift in Sources */ = {isa = PBXBuildFile; fileRef = B402DD89286440DB000EEF40 /* LoginViewController.swift */; };
		B402DD8D286440DB000EEF40 /* Main.storyboard in Resources */ = {isa = PBXBuildFile; fileRef = B402DD8B286440DB000EEF40 /* Main.storyboard */; };
		B402DD8F286440DD000EEF40 /* Assets.xcassets in Resources */ = {isa = PBXBuildFile; fileRef = B402DD8E286440DD000EEF40 /* Assets.xcassets */; };
		B402DD92286440DD000EEF40 /* LaunchScreen.storyboard in Resources */ = {isa = PBXBuildFile; fileRef = B402DD90286440DD000EEF40 /* LaunchScreen.storyboard */; };
		B4087AE628E2C3A3002D320C /* UIImageView.swift in Sources */ = {isa = PBXBuildFile; fileRef = B4087AE528E2C3A3002D320C /* UIImageView.swift */; };
		B417EAEB28FDB42100A2AD44 /* UIViewController.swift in Sources */ = {isa = PBXBuildFile; fileRef = B417EAEA28FDB42100A2AD44 /* UIViewController.swift */; };
		B425EA4028D314DE003A865D /* CourseCell.swift in Sources */ = {isa = PBXBuildFile; fileRef = B425EA3F28D314DE003A865D /* CourseCell.swift */; };
		B425EA4228D9B9FA003A865D /* Course.swift in Sources */ = {isa = PBXBuildFile; fileRef = B425EA4128D9B9FA003A865D /* Course.swift */; };
		B42B2FAE29D687D00098C094 /* UILable.swift in Sources */ = {isa = PBXBuildFile; fileRef = B42B2FAD29D687D00098C094 /* UILable.swift */; };
		B42B2FB029D690D20098C094 /* ChaptersVC.swift in Sources */ = {isa = PBXBuildFile; fileRef = B42B2FAF29D690D20098C094 /* ChaptersVC.swift */; };
		B4376C022908CA1D00E17698 /* CourseAPI.swift in Sources */ = {isa = PBXBuildFile; fileRef = B4376C012908CA1D00E17698 /* CourseAPI.swift */; };
		B4376C04290D7FC500E17698 /* ProfileIconView.swift in Sources */ = {isa = PBXBuildFile; fileRef = B4376C03290D7FC500E17698 /* ProfileIconView.swift */; };
		B4376C06290E1F2800E17698 /* CourseDetailVC.swift in Sources */ = {isa = PBXBuildFile; fileRef = B4376C05290E1F2800E17698 /* CourseDetailVC.swift */; };
		B4376C0A290FBBFF00E17698 /* ChapterCell.swift in Sources */ = {isa = PBXBuildFile; fileRef = B4376C09290FBBFF00E17698 /* ChapterCell.swift */; };
		B4489B0728A3AE3A00A6DED9 /* User.swift in Sources */ = {isa = PBXBuildFile; fileRef = B4489B0628A3AE3A00A6DED9 /* User.swift */; };
		B44AD5762938FCB500598D5A /* StoreObserver.swift in Sources */ = {isa = PBXBuildFile; fileRef = B44AD5752938FCB500598D5A /* StoreObserver.swift */; };
		B44AD57A2939067700598D5A /* ProductsViewController.swift in Sources */ = {isa = PBXBuildFile; fileRef = B44AD5792939067700598D5A /* ProductsViewController.swift */; };
		B44AD57E293C5C7500598D5A /* StoreKit.framework in Frameworks */ = {isa = PBXBuildFile; fileRef = B44AD57D293C5C7500598D5A /* StoreKit.framework */; };
		B4525F082A1B52FB004EAD78 /* VideoAnnotation.swift in Sources */ = {isa = PBXBuildFile; fileRef = B4525F072A1B52FB004EAD78 /* VideoAnnotation.swift */; };
		B45B71C22983DC1000E4C7E3 /* Error.swift in Sources */ = {isa = PBXBuildFile; fileRef = B45B71C12983DC1000E4C7E3 /* Error.swift */; };
		B45B71C42983DC9400E4C7E3 /* URLSession.swift in Sources */ = {isa = PBXBuildFile; fileRef = B45B71C32983DC9400E4C7E3 /* URLSession.swift */; };
		B45B71C82983DCEE00E4C7E3 /* UIView.swift in Sources */ = {isa = PBXBuildFile; fileRef = B45B71C72983DCEE00E4C7E3 /* UIView.swift */; };
		B45B71CA2986CF0300E4C7E3 /* UINavigationController.swift in Sources */ = {isa = PBXBuildFile; fileRef = B45B71C92986CF0300E4C7E3 /* UINavigationController.swift */; };
		B462E06028BF444A0020D610 /* Keychain.swift in Sources */ = {isa = PBXBuildFile; fileRef = B462E05F28BF444A0020D610 /* Keychain.swift */; };
		B462E06228BF448F0020D610 /* AuthAPI.swift in Sources */ = {isa = PBXBuildFile; fileRef = B462E06128BF448F0020D610 /* AuthAPI.swift */; };
		B462E06428BF5CF00020D610 /* Token.swift in Sources */ = {isa = PBXBuildFile; fileRef = B462E06328BF5CF00020D610 /* Token.swift */; };
		B462E06628BF5F920020D610 /* MessagePresenter.swift in Sources */ = {isa = PBXBuildFile; fileRef = B462E06528BF5F920020D610 /* MessagePresenter.swift */; };
		B47D6657295E90AA00591738 /* Order.swift in Sources */ = {isa = PBXBuildFile; fileRef = B47D6656295E90AA00591738 /* Order.swift */; };
		B47D6659295E918800591738 /* CourseCache.swift in Sources */ = {isa = PBXBuildFile; fileRef = B47D6658295E918800591738 /* CourseCache.swift */; };
		B4BBAE2228F99398004368F8 /* AccountVC.swift in Sources */ = {isa = PBXBuildFile; fileRef = B4BBAE2128F99398004368F8 /* AccountVC.swift */; };
		B4C6CAF429F0D81800988034 /* SkeletonCells.swift in Sources */ = {isa = PBXBuildFile; fileRef = B4C6CAF329F0D81800988034 /* SkeletonCells.swift */; };
		B4C6CAF729F2D34D00988034 /* SkeletonView in Frameworks */ = {isa = PBXBuildFile; productRef = B4C6CAF629F2D34D00988034 /* SkeletonView */; };
		B4CDED9A2917C000004B2F8E /* Chapter.swift in Sources */ = {isa = PBXBuildFile; fileRef = B4CDED992917C000004B2F8E /* Chapter.swift */; };
		B4CDED9C2917F01A004B2F8E /* FileAPI.swift in Sources */ = {isa = PBXBuildFile; fileRef = B4CDED9B2917F01A004B2F8E /* FileAPI.swift */; };
		B4CFC46D292921F700CB337A /* PDFThumbnailCell.swift in Sources */ = {isa = PBXBuildFile; fileRef = B4CFC46C292921F700CB337A /* PDFThumbnailCell.swift */; };
		B4D054A129DC134600FBF235 /* ProfileVC.swift in Sources */ = {isa = PBXBuildFile; fileRef = B4D054A029DC134600FBF235 /* ProfileVC.swift */; };
		B4D906A729BB0DAA002BBA9D /* Stage.swift in Sources */ = {isa = PBXBuildFile; fileRef = B4D906A629BB0DAA002BBA9D /* Stage.swift */; };
		B4E5F550291B85CF005F5BE1 /* ChapterDetailVC.swift in Sources */ = {isa = PBXBuildFile; fileRef = B4E5F54F291B85CF005F5BE1 /* ChapterDetailVC.swift */; };
		B4EB01972A02540D003E757A /* UIImage.swift in Sources */ = {isa = PBXBuildFile; fileRef = B4EB01962A02540D003E757A /* UIImage.swift */; };
		B4EE8A0E286594CE0050363B /* Global.swift in Sources */ = {isa = PBXBuildFile; fileRef = B4EE8A0D286594CE0050363B /* Global.swift */; };
		B4EE8A12286710F10050363B /* CourseListVC.swift in Sources */ = {isa = PBXBuildFile; fileRef = B4EE8A11286710F10050363B /* CourseListVC.swift */; };
		B4F03120297FF8C00063B75D /* ResponseError.swift in Sources */ = {isa = PBXBuildFile; fileRef = B4F0311F297FF8C00063B75D /* ResponseError.swift */; };
		B4F8315628B7CB0C0044021C /* AuthenticationVC.swift in Sources */ = {isa = PBXBuildFile; fileRef = B4F8315528B7CB0C0044021C /* AuthenticationVC.swift */; };
		B4F8315828B7CE660044021C /* RegisterViewController.swift in Sources */ = {isa = PBXBuildFile; fileRef = B4F8315728B7CE660044021C /* RegisterViewController.swift */; };
/* End PBXBuildFile section */

/* Begin PBXFileReference section */
		B402DD82286440DB000EEF40 /* TutorEasy.app */ = {isa = PBXFileReference; explicitFileType = wrapper.application; includeInIndex = 0; path = TutorEasy.app; sourceTree = BUILT_PRODUCTS_DIR; };
		B402DD85286440DB000EEF40 /* AppDelegate.swift */ = {isa = PBXFileReference; lastKnownFileType = sourcecode.swift; path = AppDelegate.swift; sourceTree = "<group>"; };
		B402DD87286440DB000EEF40 /* SceneDelegate.swift */ = {isa = PBXFileReference; lastKnownFileType = sourcecode.swift; path = SceneDelegate.swift; sourceTree = "<group>"; };
		B402DD89286440DB000EEF40 /* LoginViewController.swift */ = {isa = PBXFileReference; lastKnownFileType = sourcecode.swift; path = LoginViewController.swift; sourceTree = "<group>"; };
		B402DD8C286440DB000EEF40 /* Base */ = {isa = PBXFileReference; lastKnownFileType = file.storyboard; name = Base; path = Base.lproj/Main.storyboard; sourceTree = "<group>"; };
		B402DD8E286440DD000EEF40 /* Assets.xcassets */ = {isa = PBXFileReference; lastKnownFileType = folder.assetcatalog; path = Assets.xcassets; sourceTree = "<group>"; };
		B402DD91286440DD000EEF40 /* Base */ = {isa = PBXFileReference; lastKnownFileType = file.storyboard; name = Base; path = Base.lproj/LaunchScreen.storyboard; sourceTree = "<group>"; };
		B402DD93286440DE000EEF40 /* Info.plist */ = {isa = PBXFileReference; lastKnownFileType = text.plist.xml; path = Info.plist; sourceTree = "<group>"; };
		B4087AE528E2C3A3002D320C /* UIImageView.swift */ = {isa = PBXFileReference; lastKnownFileType = sourcecode.swift; path = UIImageView.swift; sourceTree = "<group>"; };
		B417EAEA28FDB42100A2AD44 /* UIViewController.swift */ = {isa = PBXFileReference; lastKnownFileType = sourcecode.swift; path = UIViewController.swift; sourceTree = "<group>"; };
		B425EA3F28D314DE003A865D /* CourseCell.swift */ = {isa = PBXFileReference; lastKnownFileType = sourcecode.swift; path = CourseCell.swift; sourceTree = "<group>"; };
		B425EA4128D9B9FA003A865D /* Course.swift */ = {isa = PBXFileReference; lastKnownFileType = sourcecode.swift; path = Course.swift; sourceTree = "<group>"; };
		B42B2FAD29D687D00098C094 /* UILable.swift */ = {isa = PBXFileReference; lastKnownFileType = sourcecode.swift; path = UILable.swift; sourceTree = "<group>"; };
		B42B2FAF29D690D20098C094 /* ChaptersVC.swift */ = {isa = PBXFileReference; lastKnownFileType = sourcecode.swift; path = ChaptersVC.swift; sourceTree = "<group>"; };
		B4376C012908CA1D00E17698 /* CourseAPI.swift */ = {isa = PBXFileReference; lastKnownFileType = sourcecode.swift; path = CourseAPI.swift; sourceTree = "<group>"; };
		B4376C03290D7FC500E17698 /* ProfileIconView.swift */ = {isa = PBXFileReference; lastKnownFileType = sourcecode.swift; path = ProfileIconView.swift; sourceTree = "<group>"; };
		B4376C05290E1F2800E17698 /* CourseDetailVC.swift */ = {isa = PBXFileReference; lastKnownFileType = sourcecode.swift; path = CourseDetailVC.swift; sourceTree = "<group>"; };
		B4376C09290FBBFF00E17698 /* ChapterCell.swift */ = {isa = PBXFileReference; lastKnownFileType = sourcecode.swift; path = ChapterCell.swift; sourceTree = "<group>"; };
		B4489B0628A3AE3A00A6DED9 /* User.swift */ = {isa = PBXFileReference; lastKnownFileType = sourcecode.swift; path = User.swift; sourceTree = "<group>"; };
		B44AD5752938FCB500598D5A /* StoreObserver.swift */ = {isa = PBXFileReference; lastKnownFileType = sourcecode.swift; path = StoreObserver.swift; sourceTree = "<group>"; };
		B44AD5792939067700598D5A /* ProductsViewController.swift */ = {isa = PBXFileReference; lastKnownFileType = sourcecode.swift; path = ProductsViewController.swift; sourceTree = "<group>"; };
		B44AD57D293C5C7500598D5A /* StoreKit.framework */ = {isa = PBXFileReference; lastKnownFileType = wrapper.framework; name = StoreKit.framework; path = System/Library/Frameworks/StoreKit.framework; sourceTree = SDKROOT; };
		B4525F072A1B52FB004EAD78 /* VideoAnnotation.swift */ = {isa = PBXFileReference; lastKnownFileType = sourcecode.swift; path = VideoAnnotation.swift; sourceTree = "<group>"; };
		B45B71C12983DC1000E4C7E3 /* Error.swift */ = {isa = PBXFileReference; lastKnownFileType = sourcecode.swift; path = Error.swift; sourceTree = "<group>"; };
		B45B71C32983DC9400E4C7E3 /* URLSession.swift */ = {isa = PBXFileReference; lastKnownFileType = sourcecode.swift; path = URLSession.swift; sourceTree = "<group>"; };
		B45B71C72983DCEE00E4C7E3 /* UIView.swift */ = {isa = PBXFileReference; lastKnownFileType = sourcecode.swift; path = UIView.swift; sourceTree = "<group>"; };
		B45B71C92986CF0300E4C7E3 /* UINavigationController.swift */ = {isa = PBXFileReference; lastKnownFileType = sourcecode.swift; path = UINavigationController.swift; sourceTree = "<group>"; };
		B462E05F28BF444A0020D610 /* Keychain.swift */ = {isa = PBXFileReference; lastKnownFileType = sourcecode.swift; path = Keychain.swift; sourceTree = "<group>"; };
		B462E06128BF448F0020D610 /* AuthAPI.swift */ = {isa = PBXFileReference; lastKnownFileType = sourcecode.swift; path = AuthAPI.swift; sourceTree = "<group>"; };
		B462E06328BF5CF00020D610 /* Token.swift */ = {isa = PBXFileReference; lastKnownFileType = sourcecode.swift; path = Token.swift; sourceTree = "<group>"; };
		B462E06528BF5F920020D610 /* MessagePresenter.swift */ = {isa = PBXFileReference; lastKnownFileType = sourcecode.swift; path = MessagePresenter.swift; sourceTree = "<group>"; };
		B47D6656295E90AA00591738 /* Order.swift */ = {isa = PBXFileReference; lastKnownFileType = sourcecode.swift; path = Order.swift; sourceTree = "<group>"; };
		B47D6658295E918800591738 /* CourseCache.swift */ = {isa = PBXFileReference; lastKnownFileType = sourcecode.swift; path = CourseCache.swift; sourceTree = "<group>"; };
		B4BBAE2128F99398004368F8 /* AccountVC.swift */ = {isa = PBXFileReference; lastKnownFileType = sourcecode.swift; path = AccountVC.swift; sourceTree = "<group>"; };
		B4C6CAF329F0D81800988034 /* SkeletonCells.swift */ = {isa = PBXFileReference; lastKnownFileType = sourcecode.swift; path = SkeletonCells.swift; sourceTree = "<group>"; };
		B4CDED992917C000004B2F8E /* Chapter.swift */ = {isa = PBXFileReference; lastKnownFileType = sourcecode.swift; path = Chapter.swift; sourceTree = "<group>"; };
		B4CDED9B2917F01A004B2F8E /* FileAPI.swift */ = {isa = PBXFileReference; lastKnownFileType = sourcecode.swift; path = FileAPI.swift; sourceTree = "<group>"; };
		B4CFC46C292921F700CB337A /* PDFThumbnailCell.swift */ = {isa = PBXFileReference; lastKnownFileType = sourcecode.swift; path = PDFThumbnailCell.swift; sourceTree = "<group>"; };
		B4D054A029DC134600FBF235 /* ProfileVC.swift */ = {isa = PBXFileReference; lastKnownFileType = sourcecode.swift; path = ProfileVC.swift; sourceTree = "<group>"; };
		B4D906A629BB0DAA002BBA9D /* Stage.swift */ = {isa = PBXFileReference; lastKnownFileType = sourcecode.swift; path = Stage.swift; sourceTree = "<group>"; };
		B4E5F54F291B85CF005F5BE1 /* ChapterDetailVC.swift */ = {isa = PBXFileReference; lastKnownFileType = sourcecode.swift; path = ChapterDetailVC.swift; sourceTree = "<group>"; };
		B4EB01962A02540D003E757A /* UIImage.swift */ = {isa = PBXFileReference; lastKnownFileType = sourcecode.swift; path = UIImage.swift; sourceTree = "<group>"; };
		B4EE8A0D286594CE0050363B /* Global.swift */ = {isa = PBXFileReference; lastKnownFileType = sourcecode.swift; path = Global.swift; sourceTree = "<group>"; };
		B4EE8A11286710F10050363B /* CourseListVC.swift */ = {isa = PBXFileReference; lastKnownFileType = sourcecode.swift; path = CourseListVC.swift; sourceTree = "<group>"; };
		B4F0311F297FF8C00063B75D /* ResponseError.swift */ = {isa = PBXFileReference; fileEncoding = 4; lastKnownFileType = sourcecode.swift; path = ResponseError.swift; sourceTree = "<group>"; };
		B4F8315528B7CB0C0044021C /* AuthenticationVC.swift */ = {isa = PBXFileReference; lastKnownFileType = sourcecode.swift; path = AuthenticationVC.swift; sourceTree = "<group>"; };
		B4F8315728B7CE660044021C /* RegisterViewController.swift */ = {isa = PBXFileReference; lastKnownFileType = sourcecode.swift; path = RegisterViewController.swift; sourceTree = "<group>"; };
/* End PBXFileReference section */

/* Begin PBXFrameworksBuildPhase section */
		B402DD7F286440DB000EEF40 /* Frameworks */ = {
			isa = PBXFrameworksBuildPhase;
			buildActionMask = 2147483647;
			files = (
				B4C6CAF729F2D34D00988034 /* SkeletonView in Frameworks */,
				B44AD57E293C5C7500598D5A /* StoreKit.framework in Frameworks */,
			);
			runOnlyForDeploymentPostprocessing = 0;
		};
/* End PBXFrameworksBuildPhase section */

/* Begin PBXGroup section */
		B402DD79286440DB000EEF40 = {
			isa = PBXGroup;
			children = (
				B402DD84286440DB000EEF40 /* TutorEasy */,
				B402DD83286440DB000EEF40 /* Products */,
				B44AD57C293C5C7500598D5A /* Frameworks */,
			);
			sourceTree = "<group>";
		};
		B402DD83286440DB000EEF40 /* Products */ = {
			isa = PBXGroup;
			children = (
				B402DD82286440DB000EEF40 /* TutorEasy.app */,
			);
			name = Products;
			sourceTree = "<group>";
		};
		B402DD84286440DB000EEF40 /* TutorEasy */ = {
			isa = PBXGroup;
			children = (
				B44AD5742938FC9900598D5A /* In App Purchase */,
				B425EA3E28D31439003A865D /* Views */,
				B425EA4328DAD1D0003A865D /* APIs */,
				B462E05E28BF44380020D610 /* Extensions+Helpers */,
				B4489B0828A68E2400A6DED9 /* Errors */,
				B4489B0528A3AE2B00A6DED9 /* Model */,
				B4EE8A132867FAC40050363B /* ViewControllers */,
				B402DD85286440DB000EEF40 /* AppDelegate.swift */,
				B402DD87286440DB000EEF40 /* SceneDelegate.swift */,
				B402DD8B286440DB000EEF40 /* Main.storyboard */,
				B402DD8E286440DD000EEF40 /* Assets.xcassets */,
				B402DD90286440DD000EEF40 /* LaunchScreen.storyboard */,
				B402DD93286440DE000EEF40 /* Info.plist */,
			);
			path = TutorEasy;
			sourceTree = "<group>";
		};
		B425EA3E28D31439003A865D /* Views */ = {
			isa = PBXGroup;
			children = (
				B425EA3F28D314DE003A865D /* CourseCell.swift */,
				B4376C09290FBBFF00E17698 /* ChapterCell.swift */,
				B4CFC46C292921F700CB337A /* PDFThumbnailCell.swift */,
				B4376C03290D7FC500E17698 /* ProfileIconView.swift */,
				B4C6CAF329F0D81800988034 /* SkeletonCells.swift */,
			);
			path = Views;
			sourceTree = "<group>";
		};
		B425EA4328DAD1D0003A865D /* APIs */ = {
			isa = PBXGroup;
			children = (
				B462E06128BF448F0020D610 /* AuthAPI.swift */,
				B4CDED9B2917F01A004B2F8E /* FileAPI.swift */,
				B4376C012908CA1D00E17698 /* CourseAPI.swift */,
			);
			path = APIs;
			sourceTree = "<group>";
		};
		B4489B0528A3AE2B00A6DED9 /* Model */ = {
			isa = PBXGroup;
			children = (
				B4489B0628A3AE3A00A6DED9 /* User.swift */,
				B462E06328BF5CF00020D610 /* Token.swift */,
				B425EA4128D9B9FA003A865D /* Course.swift */,
				B4D906A629BB0DAA002BBA9D /* Stage.swift */,
				B47D6658295E918800591738 /* CourseCache.swift */,
				B4CDED992917C000004B2F8E /* Chapter.swift */,
			);
			path = Model;
			sourceTree = "<group>";
		};
		B4489B0828A68E2400A6DED9 /* Errors */ = {
			isa = PBXGroup;
			children = (
				B4F0311F297FF8C00063B75D /* ResponseError.swift */,
				B462E06528BF5F920020D610 /* MessagePresenter.swift */,
			);
			path = Errors;
			sourceTree = "<group>";
		};
		B44AD5742938FC9900598D5A /* In App Purchase */ = {
			isa = PBXGroup;
			children = (
				B44AD5752938FCB500598D5A /* StoreObserver.swift */,
				B44AD5792939067700598D5A /* ProductsViewController.swift */,
				B47D6656295E90AA00591738 /* Order.swift */,
			);
			path = "In App Purchase";
			sourceTree = "<group>";
		};
		B44AD57C293C5C7500598D5A /* Frameworks */ = {
			isa = PBXGroup;
			children = (
				B44AD57D293C5C7500598D5A /* StoreKit.framework */,
			);
			name = Frameworks;
			sourceTree = "<group>";
		};
		B462E05E28BF44380020D610 /* Extensions+Helpers */ = {
			isa = PBXGroup;
			children = (
				B4EE8A0D286594CE0050363B /* Global.swift */,
				B45B71C72983DCEE00E4C7E3 /* UIView.swift */,
				B45B71C32983DC9400E4C7E3 /* URLSession.swift */,
				B45B71C12983DC1000E4C7E3 /* Error.swift */,
				B417EAEA28FDB42100A2AD44 /* UIViewController.swift */,
				B4087AE528E2C3A3002D320C /* UIImageView.swift */,
				B4EB01962A02540D003E757A /* UIImage.swift */,
				B462E05F28BF444A0020D610 /* Keychain.swift */,
				B45B71C92986CF0300E4C7E3 /* UINavigationController.swift */,
				B42B2FAD29D687D00098C094 /* UILable.swift */,
				B4525F072A1B52FB004EAD78 /* VideoAnnotation.swift */,
			);
			path = "Extensions+Helpers";
			sourceTree = "<group>";
		};
		B4EE8A132867FAC40050363B /* ViewControllers */ = {
			isa = PBXGroup;
			children = (
				B402DD89286440DB000EEF40 /* LoginViewController.swift */,
				B4F8315728B7CE660044021C /* RegisterViewController.swift */,
				B4F8315528B7CB0C0044021C /* AuthenticationVC.swift */,
				B4BBAE2128F99398004368F8 /* AccountVC.swift */,
				B4D054A029DC134600FBF235 /* ProfileVC.swift */,
				B4EE8A11286710F10050363B /* CourseListVC.swift */,
				B4376C05290E1F2800E17698 /* CourseDetailVC.swift */,
				B42B2FAF29D690D20098C094 /* ChaptersVC.swift */,
				B4E5F54F291B85CF005F5BE1 /* ChapterDetailVC.swift */,
			);
			path = ViewControllers;
			sourceTree = "<group>";
		};
/* End PBXGroup section */

/* Begin PBXNativeTarget section */
		B402DD81286440DB000EEF40 /* TutorEasy */ = {
			isa = PBXNativeTarget;
			buildConfigurationList = B402DD96286440DE000EEF40 /* Build configuration list for PBXNativeTarget "TutorEasy" */;
			buildPhases = (
				B402DD7E286440DB000EEF40 /* Sources */,
				B402DD7F286440DB000EEF40 /* Frameworks */,
				B402DD80286440DB000EEF40 /* Resources */,
			);
			buildRules = (
			);
			dependencies = (
			);
			name = TutorEasy;
			packageProductDependencies = (
				B4C6CAF629F2D34D00988034 /* SkeletonView */,
			);
			productName = TutorEasy;
			productReference = B402DD82286440DB000EEF40 /* TutorEasy.app */;
			productType = "com.apple.product-type.application";
		};
/* End PBXNativeTarget section */

/* Begin PBXProject section */
		B402DD7A286440DB000EEF40 /* Project object */ = {
			isa = PBXProject;
			attributes = {
				BuildIndependentTargetsInParallel = 1;
				LastSwiftUpdateCheck = 1340;
				LastUpgradeCheck = 1400;
				TargetAttributes = {
					B402DD81286440DB000EEF40 = {
						CreatedOnToolsVersion = 13.4.1;
					};
				};
			};
			buildConfigurationList = B402DD7D286440DB000EEF40 /* Build configuration list for PBXProject "TutorEasy" */;
			compatibilityVersion = "Xcode 13.0";
			developmentRegion = en;
			hasScannedForEncodings = 0;
			knownRegions = (
				en,
				Base,
			);
			mainGroup = B402DD79286440DB000EEF40;
			packageReferences = (
				B4C6CAF529F2D34D00988034 /* XCRemoteSwiftPackageReference "SkeletonView" */,
			);
			productRefGroup = B402DD83286440DB000EEF40 /* Products */;
			projectDirPath = "";
			projectRoot = "";
			targets = (
				B402DD81286440DB000EEF40 /* TutorEasy */,
			);
		};
/* End PBXProject section */

/* Begin PBXResourcesBuildPhase section */
		B402DD80286440DB000EEF40 /* Resources */ = {
			isa = PBXResourcesBuildPhase;
			buildActionMask = 2147483647;
			files = (
				B402DD92286440DD000EEF40 /* LaunchScreen.storyboard in Resources */,
				B402DD8F286440DD000EEF40 /* Assets.xcassets in Resources */,
				B402DD8D286440DB000EEF40 /* Main.storyboard in Resources */,
			);
			runOnlyForDeploymentPostprocessing = 0;
		};
/* End PBXResourcesBuildPhase section */

/* Begin PBXSourcesBuildPhase section */
		B402DD7E286440DB000EEF40 /* Sources */ = {
			isa = PBXSourcesBuildPhase;
			buildActionMask = 2147483647;
			files = (
				B417EAEB28FDB42100A2AD44 /* UIViewController.swift in Sources */,
				B4EB01972A02540D003E757A /* UIImage.swift in Sources */,
				B4F8315628B7CB0C0044021C /* AuthenticationVC.swift in Sources */,
				B4CDED9C2917F01A004B2F8E /* FileAPI.swift in Sources */,
				B4376C022908CA1D00E17698 /* CourseAPI.swift in Sources */,
				B402DD8A286440DB000EEF40 /* LoginViewController.swift in Sources */,
				B402DD86286440DB000EEF40 /* AppDelegate.swift in Sources */,
				B45B71CA2986CF0300E4C7E3 /* UINavigationController.swift in Sources */,
				B44AD57A2939067700598D5A /* ProductsViewController.swift in Sources */,
				B425EA4028D314DE003A865D /* CourseCell.swift in Sources */,
				B462E06228BF448F0020D610 /* AuthAPI.swift in Sources */,
				B4BBAE2228F99398004368F8 /* AccountVC.swift in Sources */,
				B4EE8A12286710F10050363B /* CourseListVC.swift in Sources */,
				B462E06428BF5CF00020D610 /* Token.swift in Sources */,
				B425EA4228D9B9FA003A865D /* Course.swift in Sources */,
				B4087AE628E2C3A3002D320C /* UIImageView.swift in Sources */,
				B4376C06290E1F2800E17698 /* CourseDetailVC.swift in Sources */,
				B44AD5762938FCB500598D5A /* StoreObserver.swift in Sources */,
				B4376C04290D7FC500E17698 /* ProfileIconView.swift in Sources */,
				B4525F082A1B52FB004EAD78 /* VideoAnnotation.swift in Sources */,
				B45B71C22983DC1000E4C7E3 /* Error.swift in Sources */,
				B4376C0A290FBBFF00E17698 /* ChapterCell.swift in Sources */,
				B4CDED9A2917C000004B2F8E /* Chapter.swift in Sources */,
				B45B71C82983DCEE00E4C7E3 /* UIView.swift in Sources */,
				B4C6CAF429F0D81800988034 /* SkeletonCells.swift in Sources */,
				B4CFC46D292921F700CB337A /* PDFThumbnailCell.swift in Sources */,
				B462E06628BF5F920020D610 /* MessagePresenter.swift in Sources */,
				B4F8315828B7CE660044021C /* RegisterViewController.swift in Sources */,
				B4489B0728A3AE3A00A6DED9 /* User.swift in Sources */,
				B4E5F550291B85CF005F5BE1 /* ChapterDetailVC.swift in Sources */,
				B402DD88286440DB000EEF40 /* SceneDelegate.swift in Sources */,
				B42B2FAE29D687D00098C094 /* UILable.swift in Sources */,
				B47D6657295E90AA00591738 /* Order.swift in Sources */,
				B4F03120297FF8C00063B75D /* ResponseError.swift in Sources */,
				B45B71C42983DC9400E4C7E3 /* URLSession.swift in Sources */,
				B4D906A729BB0DAA002BBA9D /* Stage.swift in Sources */,
				B4EE8A0E286594CE0050363B /* Global.swift in Sources */,
				B4D054A129DC134600FBF235 /* ProfileVC.swift in Sources */,
				B462E06028BF444A0020D610 /* Keychain.swift in Sources */,
				B47D6659295E918800591738 /* CourseCache.swift in Sources */,
				B42B2FB029D690D20098C094 /* ChaptersVC.swift in Sources */,
			);
			runOnlyForDeploymentPostprocessing = 0;
		};
/* End PBXSourcesBuildPhase section */

/* Begin PBXVariantGroup section */
		B402DD8B286440DB000EEF40 /* Main.storyboard */ = {
			isa = PBXVariantGroup;
			children = (
				B402DD8C286440DB000EEF40 /* Base */,
			);
			name = Main.storyboard;
			sourceTree = "<group>";
		};
		B402DD90286440DD000EEF40 /* LaunchScreen.storyboard */ = {
			isa = PBXVariantGroup;
			children = (
				B402DD91286440DD000EEF40 /* Base */,
			);
			name = LaunchScreen.storyboard;
			sourceTree = "<group>";
		};
/* End PBXVariantGroup section */

/* Begin XCBuildConfiguration section */
		B402DD94286440DE000EEF40 /* Debug */ = {
			isa = XCBuildConfiguration;
			buildSettings = {
				ALWAYS_SEARCH_USER_PATHS = NO;
				CLANG_ANALYZER_NONNULL = YES;
				CLANG_ANALYZER_NUMBER_OBJECT_CONVERSION = YES_AGGRESSIVE;
				CLANG_CXX_LANGUAGE_STANDARD = "gnu++17";
				CLANG_ENABLE_MODULES = YES;
				CLANG_ENABLE_OBJC_ARC = YES;
				CLANG_ENABLE_OBJC_WEAK = YES;
				CLANG_WARN_BLOCK_CAPTURE_AUTORELEASING = YES;
				CLANG_WARN_BOOL_CONVERSION = YES;
				CLANG_WARN_COMMA = YES;
				CLANG_WARN_CONSTANT_CONVERSION = YES;
				CLANG_WARN_DEPRECATED_OBJC_IMPLEMENTATIONS = YES;
				CLANG_WARN_DIRECT_OBJC_ISA_USAGE = YES_ERROR;
				CLANG_WARN_DOCUMENTATION_COMMENTS = YES;
				CLANG_WARN_EMPTY_BODY = YES;
				CLANG_WARN_ENUM_CONVERSION = YES;
				CLANG_WARN_INFINITE_RECURSION = YES;
				CLANG_WARN_INT_CONVERSION = YES;
				CLANG_WARN_NON_LITERAL_NULL_CONVERSION = YES;
				CLANG_WARN_OBJC_IMPLICIT_RETAIN_SELF = YES;
				CLANG_WARN_OBJC_LITERAL_CONVERSION = YES;
				CLANG_WARN_OBJC_ROOT_CLASS = YES_ERROR;
				CLANG_WARN_QUOTED_INCLUDE_IN_FRAMEWORK_HEADER = YES;
				CLANG_WARN_RANGE_LOOP_ANALYSIS = YES;
				CLANG_WARN_STRICT_PROTOTYPES = YES;
				CLANG_WARN_SUSPICIOUS_MOVE = YES;
				CLANG_WARN_UNGUARDED_AVAILABILITY = YES_AGGRESSIVE;
				CLANG_WARN_UNREACHABLE_CODE = YES;
				CLANG_WARN__DUPLICATE_METHOD_MATCH = YES;
				COPY_PHASE_STRIP = NO;
				DEBUG_INFORMATION_FORMAT = dwarf;
				ENABLE_STRICT_OBJC_MSGSEND = YES;
				ENABLE_TESTABILITY = YES;
				GCC_C_LANGUAGE_STANDARD = gnu11;
				GCC_DYNAMIC_NO_PIC = NO;
				GCC_NO_COMMON_BLOCKS = YES;
				GCC_OPTIMIZATION_LEVEL = 0;
				GCC_PREPROCESSOR_DEFINITIONS = (
					"DEBUG=1",
					"$(inherited)",
				);
				GCC_WARN_64_TO_32_BIT_CONVERSION = YES;
				GCC_WARN_ABOUT_RETURN_TYPE = YES_ERROR;
				GCC_WARN_UNDECLARED_SELECTOR = YES;
				GCC_WARN_UNINITIALIZED_AUTOS = YES_AGGRESSIVE;
				GCC_WARN_UNUSED_FUNCTION = YES;
				GCC_WARN_UNUSED_VARIABLE = YES;
				INFOPLIST_KEY_UISupportedInterfaceOrientations = "";
				IPHONEOS_DEPLOYMENT_TARGET = 12.0;
				MTL_ENABLE_DEBUG_INFO = INCLUDE_SOURCE;
				MTL_FAST_MATH = YES;
				ONLY_ACTIVE_ARCH = YES;
				SDKROOT = iphoneos;
				SWIFT_ACTIVE_COMPILATION_CONDITIONS = DEBUG;
				SWIFT_OPTIMIZATION_LEVEL = "-Onone";
			};
			name = Debug;
		};
		B402DD95286440DE000EEF40 /* Release */ = {
			isa = XCBuildConfiguration;
			buildSettings = {
				ALWAYS_SEARCH_USER_PATHS = NO;
				CLANG_ANALYZER_NONNULL = YES;
				CLANG_ANALYZER_NUMBER_OBJECT_CONVERSION = YES_AGGRESSIVE;
				CLANG_CXX_LANGUAGE_STANDARD = "gnu++17";
				CLANG_ENABLE_MODULES = YES;
				CLANG_ENABLE_OBJC_ARC = YES;
				CLANG_ENABLE_OBJC_WEAK = YES;
				CLANG_WARN_BLOCK_CAPTURE_AUTORELEASING = YES;
				CLANG_WARN_BOOL_CONVERSION = YES;
				CLANG_WARN_COMMA = YES;
				CLANG_WARN_CONSTANT_CONVERSION = YES;
				CLANG_WARN_DEPRECATED_OBJC_IMPLEMENTATIONS = YES;
				CLANG_WARN_DIRECT_OBJC_ISA_USAGE = YES_ERROR;
				CLANG_WARN_DOCUMENTATION_COMMENTS = YES;
				CLANG_WARN_EMPTY_BODY = YES;
				CLANG_WARN_ENUM_CONVERSION = YES;
				CLANG_WARN_INFINITE_RECURSION = YES;
				CLANG_WARN_INT_CONVERSION = YES;
				CLANG_WARN_NON_LITERAL_NULL_CONVERSION = YES;
				CLANG_WARN_OBJC_IMPLICIT_RETAIN_SELF = YES;
				CLANG_WARN_OBJC_LITERAL_CONVERSION = YES;
				CLANG_WARN_OBJC_ROOT_CLASS = YES_ERROR;
				CLANG_WARN_QUOTED_INCLUDE_IN_FRAMEWORK_HEADER = YES;
				CLANG_WARN_RANGE_LOOP_ANALYSIS = YES;
				CLANG_WARN_STRICT_PROTOTYPES = YES;
				CLANG_WARN_SUSPICIOUS_MOVE = YES;
				CLANG_WARN_UNGUARDED_AVAILABILITY = YES_AGGRESSIVE;
				CLANG_WARN_UNREACHABLE_CODE = YES;
				CLANG_WARN__DUPLICATE_METHOD_MATCH = YES;
				COPY_PHASE_STRIP = NO;
				DEBUG_INFORMATION_FORMAT = "dwarf-with-dsym";
				ENABLE_NS_ASSERTIONS = NO;
				ENABLE_STRICT_OBJC_MSGSEND = YES;
				GCC_C_LANGUAGE_STANDARD = gnu11;
				GCC_NO_COMMON_BLOCKS = YES;
				GCC_WARN_64_TO_32_BIT_CONVERSION = YES;
				GCC_WARN_ABOUT_RETURN_TYPE = YES_ERROR;
				GCC_WARN_UNDECLARED_SELECTOR = YES;
				GCC_WARN_UNINITIALIZED_AUTOS = YES_AGGRESSIVE;
				GCC_WARN_UNUSED_FUNCTION = YES;
				GCC_WARN_UNUSED_VARIABLE = YES;
				INFOPLIST_KEY_UISupportedInterfaceOrientations = "";
				IPHONEOS_DEPLOYMENT_TARGET = 12.0;
				MTL_ENABLE_DEBUG_INFO = NO;
				MTL_FAST_MATH = YES;
				SDKROOT = iphoneos;
				SWIFT_COMPILATION_MODE = wholemodule;
				SWIFT_OPTIMIZATION_LEVEL = "-O";
				VALIDATE_PRODUCT = YES;
			};
			name = Release;
		};
		B402DD97286440DE000EEF40 /* Debug */ = {
			isa = XCBuildConfiguration;
			buildSettings = {
				ASSETCATALOG_COMPILER_APPICON_NAME = AppIcon;
				ASSETCATALOG_COMPILER_GLOBAL_ACCENT_COLOR_NAME = AccentColor;
				CODE_SIGN_IDENTITY = "Apple Development";
				CODE_SIGN_STYLE = Automatic;
				CURRENT_PROJECT_VERSION = 3;
				DEVELOPMENT_TEAM = 88XK97279C;
				GENERATE_INFOPLIST_FILE = YES;
				INFOPLIST_FILE = TutorEasy/Info.plist;
				INFOPLIST_KEY_LSApplicationCategoryType = "public.app-category.education";
				INFOPLIST_KEY_UIApplicationSupportsIndirectInputEvents = YES;
				INFOPLIST_KEY_UILaunchStoryboardName = LaunchScreen;
				INFOPLIST_KEY_UIMainStoryboardFile = Main;
				INFOPLIST_KEY_UIRequiresFullScreen = YES;
				INFOPLIST_KEY_UISupportedInterfaceOrientations = "UIInterfaceOrientationLandscapeLeft UIInterfaceOrientationLandscapeRight";
				IPHONEOS_DEPLOYMENT_TARGET = 13;
				LD_RUNPATH_SEARCH_PATHS = (
					"$(inherited)",
					"@executable_path/Frameworks",
				);
				MARKETING_VERSION = 0.3.0;
				PRODUCT_BUNDLE_IDENTIFIER = com.dunce.TutorEasy;
				PRODUCT_NAME = "$(TARGET_NAME)";
				PROVISIONING_PROFILE_SPECIFIER = "";
				SWIFT_EMIT_LOC_STRINGS = YES;
				SWIFT_VERSION = 5.0;
				TARGETED_DEVICE_FAMILY = "1,2";
			};
			name = Debug;
		};
		B402DD98286440DE000EEF40 /* Release */ = {
			isa = XCBuildConfiguration;
			buildSettings = {
				ASSETCATALOG_COMPILER_APPICON_NAME = AppIcon;
				ASSETCATALOG_COMPILER_GLOBAL_ACCENT_COLOR_NAME = AccentColor;
				CODE_SIGN_IDENTITY = "Apple Development";
				CODE_SIGN_STYLE = Automatic;
				CURRENT_PROJECT_VERSION = 3;
				DEVELOPMENT_TEAM = 88XK97279C;
				GENERATE_INFOPLIST_FILE = YES;
				INFOPLIST_FILE = TutorEasy/Info.plist;
				INFOPLIST_KEY_LSApplicationCategoryType = "public.app-category.education";
				INFOPLIST_KEY_UIApplicationSupportsIndirectInputEvents = YES;
				INFOPLIST_KEY_UILaunchStoryboardName = LaunchScreen;
				INFOPLIST_KEY_UIMainStoryboardFile = Main;
				INFOPLIST_KEY_UIRequiresFullScreen = YES;
				INFOPLIST_KEY_UISupportedInterfaceOrientations = "UIInterfaceOrientationLandscapeLeft UIInterfaceOrientationLandscapeRight";
				IPHONEOS_DEPLOYMENT_TARGET = 13;
				LD_RUNPATH_SEARCH_PATHS = (
					"$(inherited)",
					"@executable_path/Frameworks",
				);
				MARKETING_VERSION = 0.3.0;
				PRODUCT_BUNDLE_IDENTIFIER = com.dunce.TutorEasy;
				PRODUCT_NAME = "$(TARGET_NAME)";
				PROVISIONING_PROFILE_SPECIFIER = "";
				SWIFT_EMIT_LOC_STRINGS = YES;
				SWIFT_VERSION = 5.0;
				TARGETED_DEVICE_FAMILY = "1,2";
			};
			name = Release;
		};
/* End XCBuildConfiguration section */

/* Begin XCConfigurationList section */
		B402DD7D286440DB000EEF40 /* Build configuration list for PBXProject "TutorEasy" */ = {
			isa = XCConfigurationList;
			buildConfigurations = (
				B402DD94286440DE000EEF40 /* Debug */,
				B402DD95286440DE000EEF40 /* Release */,
			);
			defaultConfigurationIsVisible = 0;
			defaultConfigurationName = Release;
		};
		B402DD96286440DE000EEF40 /* Build configuration list for PBXNativeTarget "TutorEasy" */ = {
			isa = XCConfigurationList;
			buildConfigurations = (
				B402DD97286440DE000EEF40 /* Debug */,
				B402DD98286440DE000EEF40 /* Release */,
			);
			defaultConfigurationIsVisible = 0;
			defaultConfigurationName = Release;
		};
/* End XCConfigurationList section */

/* Begin XCRemoteSwiftPackageReference section */
		B4C6CAF529F2D34D00988034 /* XCRemoteSwiftPackageReference "SkeletonView" */ = {
			isa = XCRemoteSwiftPackageReference;
			repositoryURL = "https://github.com/Juanpe/SkeletonView.git";
			requirement = {
				kind = upToNextMajorVersion;
				minimumVersion = 1.0.0;
			};
		};
/* End XCRemoteSwiftPackageReference section */

/* Begin XCSwiftPackageProductDependency section */
		B4C6CAF629F2D34D00988034 /* SkeletonView */ = {
			isa = XCSwiftPackageProductDependency;
			package = B4C6CAF529F2D34D00988034 /* XCRemoteSwiftPackageReference "SkeletonView" */;
			productName = SkeletonView;
		};
/* End XCSwiftPackageProductDependency section */
	};
	rootObject = B402DD7A286440DB000EEF40 /* Project object */;
}
